// !$*UTF8*$!
{
	archiveVersion = 1;
	classes = {
	};
	objectVersion = 50;
	objects = {

/* Begin PBXBuildFile section */
		A0958FF9237A07480050E2F1 /* AppDelegate.swift in Sources */ = {isa = PBXBuildFile; fileRef = A0958FF8237A07480050E2F1 /* AppDelegate.swift */; };
		A0958FFB237A07480050E2F1 /* ViewController.swift in Sources */ = {isa = PBXBuildFile; fileRef = A0958FFA237A07480050E2F1 /* ViewController.swift */; };
		A0958FFE237A07480050E2F1 /* Main.storyboard in Resources */ = {isa = PBXBuildFile; fileRef = A0958FFC237A07480050E2F1 /* Main.storyboard */; };
		A0959000237A07480050E2F1 /* Assets.xcassets in Resources */ = {isa = PBXBuildFile; fileRef = A0958FFF237A07480050E2F1 /* Assets.xcassets */; };
		A0959003237A07480050E2F1 /* LaunchScreen.storyboard in Resources */ = {isa = PBXBuildFile; fileRef = A0959001237A07480050E2F1 /* LaunchScreen.storyboard */; };
		A095900B237B48160050E2F1 /* TreadSaveCollection.swift in Sources */ = {isa = PBXBuildFile; fileRef = A095900A237B48160050E2F1 /* TreadSaveCollection.swift */; };
		A095900D237B4D210050E2F1 /* Example.swift in Sources */ = {isa = PBXBuildFile; fileRef = A095900C237B4D210050E2F1 /* Example.swift */; };
/* End PBXBuildFile section */

/* Begin PBXFileReference section */
		A0958FF5237A07480050E2F1 /* HW10_ThreadsManagement.app */ = {isa = PBXFileReference; explicitFileType = wrapper.application; includeInIndex = 0; path = HW10_ThreadsManagement.app; sourceTree = BUILT_PRODUCTS_DIR; };
		A0958FF8237A07480050E2F1 /* AppDelegate.swift */ = {isa = PBXFileReference; lastKnownFileType = sourcecode.swift; path = AppDelegate.swift; sourceTree = "<group>"; };
		A0958FFA237A07480050E2F1 /* ViewController.swift */ = {isa = PBXFileReference; lastKnownFileType = sourcecode.swift; path = ViewController.swift; sourceTree = "<group>"; };
		A0958FFD237A07480050E2F1 /* Base */ = {isa = PBXFileReference; lastKnownFileType = file.storyboard; name = Base; path = Base.lproj/Main.storyboard; sourceTree = "<group>"; };
		A0958FFF237A07480050E2F1 /* Assets.xcassets */ = {isa = PBXFileReference; lastKnownFileType = folder.assetcatalog; path = Assets.xcassets; sourceTree = "<group>"; };
		A0959002237A07480050E2F1 /* Base */ = {isa = PBXFileReference; lastKnownFileType = file.storyboard; name = Base; path = Base.lproj/LaunchScreen.storyboard; sourceTree = "<group>"; };
		A0959004237A07480050E2F1 /* Info.plist */ = {isa = PBXFileReference; lastKnownFileType = text.plist.xml; path = Info.plist; sourceTree = "<group>"; };
		A095900A237B48160050E2F1 /* TreadSaveCollection.swift */ = {isa = PBXFileReference; lastKnownFileType = sourcecode.swift; path = TreadSaveCollection.swift; sourceTree = "<group>"; };
		A095900C237B4D210050E2F1 /* Example.swift */ = {isa = PBXFileReference; lastKnownFileType = sourcecode.swift; path = Example.swift; sourceTree = "<group>"; };
/* End PBXFileReference section */

/* Begin PBXFrameworksBuildPhase section */
		A0958FF2237A07480050E2F1 /* Frameworks */ = {
			isa = PBXFrameworksBuildPhase;
			buildActionMask = 2147483647;
			files = (
			);
			runOnlyForDeploymentPostprocessing = 0;
		};
/* End PBXFrameworksBuildPhase section */

/* Begin PBXGroup section */
		A0958FEC237A07480050E2F1 = {
			isa = PBXGroup;
			children = (
				A0958FF7237A07480050E2F1 /* HW10_ThreadsManagement */,
				A0958FF6237A07480050E2F1 /* Products */,
			);
			sourceTree = "<group>";
		};
		A0958FF6237A07480050E2F1 /* Products */ = {
			isa = PBXGroup;
			children = (
				A0958FF5237A07480050E2F1 /* HW10_ThreadsManagement.app */,
			);
			name = Products;
			sourceTree = "<group>";
		};
		A0958FF7237A07480050E2F1 /* HW10_ThreadsManagement */ = {
			isa = PBXGroup;
			children = (
				A0958FF8237A07480050E2F1 /* AppDelegate.swift */,
				A0958FFA237A07480050E2F1 /* ViewController.swift */,
				A095900A237B48160050E2F1 /* TreadSaveCollection.swift */,
				A0958FFC237A07480050E2F1 /* Main.storyboard */,
				A095900C237B4D210050E2F1 /* Example.swift */,
				A0958FFF237A07480050E2F1 /* Assets.xcassets */,
				A0959001237A07480050E2F1 /* LaunchScreen.storyboard */,
				A0959004237A07480050E2F1 /* Info.plist */,
			);
			path = HW10_ThreadsManagement;
			sourceTree = "<group>";
		};
/* End PBXGroup section */

/* Begin PBXNativeTarget section */
		A0958FF4237A07480050E2F1 /* HW10_ThreadsManagement */ = {
			isa = PBXNativeTarget;
			buildConfigurationList = A0959007237A07480050E2F1 /* Build configuration list for PBXNativeTarget "HW10_ThreadsManagement" */;
			buildPhases = (
				A0958FF1237A07480050E2F1 /* Sources */,
				A0958FF2237A07480050E2F1 /* Frameworks */,
				A0958FF3237A07480050E2F1 /* Resources */,
			);
			buildRules = (
			);
			dependencies = (
			);
			name = HW10_ThreadsManagement;
			productName = HW10_ThreadsManagement;
			productReference = A0958FF5237A07480050E2F1 /* HW10_ThreadsManagement.app */;
			productType = "com.apple.product-type.application";
		};
/* End PBXNativeTarget section */

/* Begin PBXProject section */
		A0958FED237A07480050E2F1 /* Project object */ = {
			isa = PBXProject;
			attributes = {
				LastSwiftUpdateCheck = 1030;
				LastUpgradeCheck = 1030;
				ORGANIZATIONNAME = "Daria Cheremina";
				TargetAttributes = {
					A0958FF4237A07480050E2F1 = {
						CreatedOnToolsVersion = 10.3;
					};
				};
			};
			buildConfigurationList = A0958FF0237A07480050E2F1 /* Build configuration list for PBXProject "HW10_ThreadsManagement" */;
			compatibilityVersion = "Xcode 9.3";
			developmentRegion = en;
			hasScannedForEncodings = 0;
			knownRegions = (
				en,
				Base,
			);
			mainGroup = A0958FEC237A07480050E2F1;
			productRefGroup = A0958FF6237A07480050E2F1 /* Products */;
			projectDirPath = "";
			projectRoot = "";
			targets = (
				A0958FF4237A07480050E2F1 /* HW10_ThreadsManagement */,
			);
		};
/* End PBXProject section */

/* Begin PBXResourcesBuildPhase section */
		A0958FF3237A07480050E2F1 /* Resources */ = {
			isa = PBXResourcesBuildPhase;
			buildActionMask = 2147483647;
			files = (
				A0959003237A07480050E2F1 /* LaunchScreen.storyboard in Resources */,
				A0959000237A07480050E2F1 /* Assets.xcassets in Resources */,
				A0958FFE237A07480050E2F1 /* Main.storyboard in Resources */,
			);
			runOnlyForDeploymentPostprocessing = 0;
		};
/* End PBXResourcesBuildPhase section */

/* Begin PBXSourcesBuildPhase section */
		A0958FF1237A07480050E2F1 /* Sources */ = {
			isa = PBXSourcesBuildPhase;
			buildActionMask = 2147483647;
			files = (
				A095900D237B4D210050E2F1 /* Example.swift in Sources */,
				A0958FFB237A07480050E2F1 /* ViewController.swift in Sources */,
				A095900B237B48160050E2F1 /* TreadSaveCollection.swift in Sources */,
				A0958FF9237A07480050E2F1 /* AppDelegate.swift in Sources */,
			);
			runOnlyForDeploymentPostprocessing = 0;
		};
/* End PBXSourcesBuildPhase section */

/* Begin PBXVariantGroup section */
		A0958FFC237A07480050E2F1 /* Main.storyboard */ = {
			isa = PBXVariantGroup;
			children = (
				A0958FFD237A07480050E2F1 /* Base */,
			);
			name = Main.storyboard;
			sourceTree = "<group>";
		};
		A0959001237A07480050E2F1 /* LaunchScreen.storyboard */ = {
			isa = PBXVariantGroup;
			children = (
				A0959002237A07480050E2F1 /* Base */,
			);
			name = LaunchScreen.storyboard;
			sourceTree = "<group>";
		};
/* End PBXVariantGroup section */

/* Begin XCBuildConfiguration section */
		A0959005237A07480050E2F1 /* Debug */ = {
			isa = XCBuildConfiguration;
			buildSettings = {
				ALWAYS_SEARCH_USER_PATHS = NO;
				CLANG_ANALYZER_NONNULL = YES;
				CLANG_ANALYZER_NUMBER_OBJECT_CONVERSION = YES_AGGRESSIVE;
				CLANG_CXX_LANGUAGE_STANDARD = "gnu++14";
				CLANG_CXX_LIBRARY = "libc++";
				CLANG_ENABLE_MODULES = YES;
				CLANG_ENABLE_OBJC_ARC = YES;
				CLANG_ENABLE_OBJC_WEAK = YES;
				CLANG_WARN_BLOCK_CAPTURE_AUTORELEASING = YES;
				CLANG_WARN_BOOL_CONVERSION = YES;
				CLANG_WARN_COMMA = YES;
				CLANG_WARN_CONSTANT_CONVERSION = YES;
				CLANG_WARN_DEPRECATED_OBJC_IMPLEMENTATIONS = YES;
				CLANG_WARN_DIRECT_OBJC_ISA_USAGE = YES_ERROR;
				CLANG_WARN_DOCUMENTATION_COMMENTS = YES;
				CLANG_WARN_EMPTY_BODY = YES;
				CLANG_WARN_ENUM_CONVERSION = YES;
				CLANG_WARN_INFINITE_RECURSION = YES;
				CLANG_WARN_INT_CONVERSION = YES;
				CLANG_WARN_NON_LITERAL_NULL_CONVERSION = YES;
				CLANG_WARN_OBJC_IMPLICIT_RETAIN_SELF = YES;
				CLANG_WARN_OBJC_LITERAL_CONVERSION = YES;
				CLANG_WARN_OBJC_ROOT_CLASS = YES_ERROR;
				CLANG_WARN_RANGE_LOOP_ANALYSIS = YES;
				CLANG_WARN_STRICT_PROTOTYPES = YES;
				CLANG_WARN_SUSPICIOUS_MOVE = YES;
				CLANG_WARN_UNGUARDED_AVAILABILITY = YES_AGGRESSIVE;
				CLANG_WARN_UNREACHABLE_CODE = YES;
				CLANG_WARN__DUPLICATE_METHOD_MATCH = YES;
				CODE_SIGN_IDENTITY = "iPhone Developer";
				COPY_PHASE_STRIP = NO;
				DEBUG_INFORMATION_FORMAT = dwarf;
				ENABLE_STRICT_OBJC_MSGSEND = YES;
				ENABLE_TESTABILITY = YES;
				GCC_C_LANGUAGE_STANDARD = gnu11;
				GCC_DYNAMIC_NO_PIC = NO;
				GCC_NO_COMMON_BLOCKS = YES;
				GCC_OPTIMIZATION_LEVEL = 0;
				GCC_PREPROCESSOR_DEFINITIONS = (
					"DEBUG=1",
					"$(inherited)",
				);
				GCC_WARN_64_TO_32_BIT_CONVERSION = YES;
				GCC_WARN_ABOUT_RETURN_TYPE = YES_ERROR;
				GCC_WARN_UNDECLARED_SELECTOR = YES;
				GCC_WARN_UNINITIALIZED_AUTOS = YES_AGGRESSIVE;
				GCC_WARN_UNUSED_FUNCTION = YES;
				GCC_WARN_UNUSED_VARIABLE = YES;
				IPHONEOS_DEPLOYMENT_TARGET = 12.4;
				MTL_ENABLE_DEBUG_INFO = INCLUDE_SOURCE;
				MTL_FAST_MATH = YES;
				ONLY_ACTIVE_ARCH = YES;
				SDKROOT = iphoneos;
				SWIFT_ACTIVE_COMPILATION_CONDITIONS = DEBUG;
				SWIFT_OPTIMIZATION_LEVEL = "-Onone";
			};
			name = Debug;
		};
		A0959006237A07480050E2F1 /* Release */ = {
			isa = XCBuildConfiguration;
			buildSettings = {
				ALWAYS_SEARCH_USER_PATHS = NO;
				CLANG_ANALYZER_NONNULL = YES;
				CLANG_ANALYZER_NUMBER_OBJECT_CONVERSION = YES_AGGRESSIVE;
				CLANG_CXX_LANGUAGE_STANDARD = "gnu++14";
				CLANG_CXX_LIBRARY = "libc++";
				CLANG_ENABLE_MODULES = YES;
				CLANG_ENABLE_OBJC_ARC = YES;
				CLANG_ENABLE_OBJC_WEAK = YES;
				CLANG_WARN_BLOCK_CAPTURE_AUTORELEASING = YES;
				CLANG_WARN_BOOL_CONVERSION = YES;
				CLANG_WARN_COMMA = YES;
				CLANG_WARN_CONSTANT_CONVERSION = YES;
				CLANG_WARN_DEPRECATED_OBJC_IMPLEMENTATIONS = YES;
				CLANG_WARN_DIRECT_OBJC_ISA_USAGE = YES_ERROR;
				CLANG_WARN_DOCUMENTATION_COMMENTS = YES;
				CLANG_WARN_EMPTY_BODY = YES;
				CLANG_WARN_ENUM_CONVERSION = YES;
				CLANG_WARN_INFINITE_RECURSION = YES;
				CLANG_WARN_INT_CONVERSION = YES;
				CLANG_WARN_NON_LITERAL_NULL_CONVERSION = YES;
				CLANG_WARN_OBJC_IMPLICIT_RETAIN_SELF = YES;
				CLANG_WARN_OBJC_LITERAL_CONVERSION = YES;
				CLANG_WARN_OBJC_ROOT_CLASS = YES_ERROR;
				CLANG_WARN_RANGE_LOOP_ANALYSIS = YES;
				CLANG_WARN_STRICT_PROTOTYPES = YES;
				CLANG_WARN_SUSPICIOUS_MOVE = YES;
				CLANG_WARN_UNGUARDED_AVAILABILITY = YES_AGGRESSIVE;
				CLANG_WARN_UNREACHABLE_CODE = YES;
				CLANG_WARN__DUPLICATE_METHOD_MATCH = YES;
				CODE_SIGN_IDENTITY = "iPhone Developer";
				COPY_PHASE_STRIP = NO;
				DEBUG_INFORMATION_FORMAT = "dwarf-with-dsym";
				ENABLE_NS_ASSERTIONS = NO;
				ENABLE_STRICT_OBJC_MSGSEND = YES;
				GCC_C_LANGUAGE_STANDARD = gnu11;
				GCC_NO_COMMON_BLOCKS = YES;
				GCC_WARN_64_TO_32_BIT_CONVERSION = YES;
				GCC_WARN_ABOUT_RETURN_TYPE = YES_ERROR;
				GCC_WARN_UNDECLARED_SELECTOR = YES;
				GCC_WARN_UNINITIALIZED_AUTOS = YES_AGGRESSIVE;
				GCC_WARN_UNUSED_FUNCTION = YES;
				GCC_WARN_UNUSED_VARIABLE = YES;
				IPHONEOS_DEPLOYMENT_TARGET = 12.4;
				MTL_ENABLE_DEBUG_INFO = NO;
				MTL_FAST_MATH = YES;
				SDKROOT = iphoneos;
				SWIFT_COMPILATION_MODE = wholemodule;
				SWIFT_OPTIMIZATION_LEVEL = "-O";
				VALIDATE_PRODUCT = YES;
			};
			name = Release;
		};
		A0959008237A07480050E2F1 /* Debug */ = {
			isa = XCBuildConfiguration;
			buildSettings = {
				ASSETCATALOG_COMPILER_APPICON_NAME = AppIcon;
				CODE_SIGN_STYLE = Automatic;
				INFOPLIST_FILE = HW10_ThreadsManagement/Info.plist;
				LD_RUNPATH_SEARCH_PATHS = (
					"$(inherited)",
					"@executable_path/Frameworks",
				);
				PRODUCT_BUNDLE_IDENTIFIER = "d.cheremina.HW10-ThreadsManagement";
				PRODUCT_NAME = "$(TARGET_NAME)";
				SWIFT_VERSION = 5.0;
				TARGETED_DEVICE_FAMILY = "1,2";
			};
			name = Debug;
		};
		A0959009237A07480050E2F1 /* Release */ = {
			isa = XCBuildConfiguration;
			buildSettings = {
				ASSETCATALOG_COMPILER_APPICON_NAME = AppIcon;
				CODE_SIGN_STYLE = Automatic;
				INFOPLIST_FILE = HW10_ThreadsManagement/Info.plist;
				LD_RUNPATH_SEARCH_PATHS = (
					"$(inherited)",
					"@executable_path/Frameworks",
				);
				PRODUCT_BUNDLE_IDENTIFIER = "d.cheremina.HW10-ThreadsManagement";
				PRODUCT_NAME = "$(TARGET_NAME)";
				SWIFT_VERSION = 5.0;
				TARGETED_DEVICE_FAMILY = "1,2";
			};
			name = Release;
		};
/* End XCBuildConfiguration section */

/* Begin XCConfigurationList section */
		A0958FF0237A07480050E2F1 /* Build configuration list for PBXProject "HW10_ThreadsManagement" */ = {
			isa = XCConfigurationList;
			buildConfigurations = (
				A0959005237A07480050E2F1 /* Debug */,
				A0959006237A07480050E2F1 /* Release */,
			);
			defaultConfigurationIsVisible = 0;
			defaultConfigurationName = Release;
		};
		A0959007237A07480050E2F1 /* Build configuration list for PBXNativeTarget "HW10_ThreadsManagement" */ = {
			isa = XCConfigurationList;
			buildConfigurations = (
				A0959008237A07480050E2F1 /* Debug */,
				A0959009237A07480050E2F1 /* Release */,
			);
			defaultConfigurationIsVisible = 0;
			defaultConfigurationName = Release;
		};
/* End XCConfigurationList section */
	};
	rootObject = A0958FED237A07480050E2F1 /* Project object */;
}
